
Microsoft Visual Studio Solution File, Format Version 12.00
Project("{FAE04EC0-301F-11D3-BF4B-00C04F79EFBC}") = "VRK_WPF", "VRK_WPF\VRK_WPF.csproj", "{6F5130D5-EF93-463C-9AC2-D4E654D66E22}"
EndProject
Project("{FAE04EC0-301F-11D3-BF4B-00C04F79EFBC}") = "VKR_Node", "VKR_Node\VKR_Node.csproj", "{537D6840-2FE9-467C-AA12-3B447A85F881}"
EndProject
Project("{FAE04EC0-301F-11D3-BF4B-00C04F79EFBC}") = "VKR_FileManager", "VKR_FileManager\VKR_FileManager.csproj", "{85532419-C4A5-442F-B07A-01B39C489374}"
EndProject
Project("{FAE04EC0-301F-11D3-BF4B-00C04F79EFBC}") = "VKR_ReplicationManager", "VKR_ReplicationManager\VKR_ReplicationManager.csproj", "{32A8B86C-CF6B-45F7-A498-6020AD9AA06B}"
EndProject
Project("{FAE04EC0-301F-11D3-BF4B-00C04F79EFBC}") = "VKR_Networking", "VKR_Networking\VKR_Networking.csproj", "{520DF650-3CE5-4724-AB7B-8C63B507E168}"
EndProject
Project("{FAE04EC0-301F-11D3-BF4B-00C04F79EFBC}") = "VKR_Storage", "VKR_Storage\VKR_Storage.csproj", "{1985E9CB-B3B5-4208-8532-19719F476D01}"
EndProject
Global
	GlobalSection(SolutionConfigurationPlatforms) = preSolution
		Debug|Any CPU = Debug|Any CPU
		Release|Any CPU = Release|Any CPU
	EndGlobalSection
	GlobalSection(ProjectConfigurationPlatforms) = postSolution
		{6F5130D5-EF93-463C-9AC2-D4E654D66E22}.Debug|Any CPU.ActiveCfg = Debug|Any CPU
		{6F5130D5-EF93-463C-9AC2-D4E654D66E22}.Debug|Any CPU.Build.0 = Debug|Any CPU
		{6F5130D5-EF93-463C-9AC2-D4E654D66E22}.Release|Any CPU.ActiveCfg = Release|Any CPU
		{6F5130D5-EF93-463C-9AC2-D4E654D66E22}.Release|Any CPU.Build.0 = Release|Any CPU
		{537D6840-2FE9-467C-AA12-3B447A85F881}.Debug|Any CPU.ActiveCfg = Debug|Any CPU
		{537D6840-2FE9-467C-AA12-3B447A85F881}.Debug|Any CPU.Build.0 = Debug|Any CPU
		{537D6840-2FE9-467C-AA12-3B447A85F881}.Release|Any CPU.ActiveCfg = Release|Any CPU
		{537D6840-2FE9-467C-AA12-3B447A85F881}.Release|Any CPU.Build.0 = Release|Any CPU
		{85532419-C4A5-442F-B07A-01B39C489374}.Debug|Any CPU.ActiveCfg = Debug|Any CPU
		{85532419-C4A5-442F-B07A-01B39C489374}.Debug|Any CPU.Build.0 = Debug|Any CPU
		{85532419-C4A5-442F-B07A-01B39C489374}.Release|Any CPU.ActiveCfg = Release|Any CPU
		{85532419-C4A5-442F-B07A-01B39C489374}.Release|Any CPU.Build.0 = Release|Any CPU
		{32A8B86C-CF6B-45F7-A498-6020AD9AA06B}.Debug|Any CPU.ActiveCfg = Debug|Any CPU
		{32A8B86C-CF6B-45F7-A498-6020AD9AA06B}.Debug|Any CPU.Build.0 = Debug|Any CPU
		{32A8B86C-CF6B-45F7-A498-6020AD9AA06B}.Release|Any CPU.ActiveCfg = Release|Any CPU
		{32A8B86C-CF6B-45F7-A498-6020AD9AA06B}.Release|Any CPU.Build.0 = Release|Any CPU
		{520DF650-3CE5-4724-AB7B-8C63B507E168}.Debug|Any CPU.ActiveCfg = Debug|Any CPU
		{520DF650-3CE5-4724-AB7B-8C63B507E168}.Debug|Any CPU.Build.0 = Debug|Any CPU
		{520DF650-3CE5-4724-AB7B-8C63B507E168}.Release|Any CPU.ActiveCfg = Release|Any CPU
		{520DF650-3CE5-4724-AB7B-8C63B507E168}.Release|Any CPU.Build.0 = Release|Any CPU
		{1985E9CB-B3B5-4208-8532-19719F476D01}.Debug|Any CPU.ActiveCfg = Debug|Any CPU
		{1985E9CB-B3B5-4208-8532-19719F476D01}.Debug|Any CPU.Build.0 = Debug|Any CPU
		{1985E9CB-B3B5-4208-8532-19719F476D01}.Release|Any CPU.ActiveCfg = Release|Any CPU
		{1985E9CB-B3B5-4208-8532-19719F476D01}.Release|Any CPU.Build.0 = Release|Any CPU
	EndGlobalSection
EndGlobal
